// !$*UTF8*$!
{
	archiveVersion = 1;
	classes = {
	};
	objectVersion = 77;
	objects = {

/* Begin PBXBuildFile section */
		5A5A0000000000000000000F /* ZoneBuddyWatch.app in Embed Watch Content */ = {isa = PBXBuildFile; fileRef = 5A5A00000000000000000002 /* ZoneBuddyWatch.app */; settings = {ATTRIBUTES = (RemoveHeadersOnCopy, ); }; };
		640000012F50000000000001 /* HealthKit.framework in Frameworks */ = {isa = PBXBuildFile; fileRef = 640000002F50000000000001 /* HealthKit.framework */; settings = {ATTRIBUTES = (Weak, ); }; };
		643634F62F60EC1E00C17361 /* FTMSKit in Frameworks */ = {isa = PBXBuildFile; productRef = 640000112F50000000000011 /* FTMSKit */; };
		64363B7E00010000000C1736 /* FTMSKit in Frameworks */ = {isa = PBXBuildFile; productRef = 64363B7F00010000000C1736 /* FTMSKit */; };
		64FFFF020000000000000002 /* Settings.bundle in Resources */ = {isa = PBXBuildFile; fileRef = 64FFFF010000000000000001 /* Settings.bundle */; };
/* End PBXBuildFile section */

/* Begin PBXContainerItemProxy section */
		5A5A0000000000000000000C /* PBXContainerItemProxy */ = {
			isa = PBXContainerItemProxy;
			containerPortal = 64D3B06B2F4039A800D06A68 /* Project object */;
			proxyType = 1;
			remoteGlobalIDString = 5A5A00000000000000000001;
			remoteInfo = ZoneBuddyWatch;
		};
		64D3B0852F4039AA00D06A68 /* PBXContainerItemProxy */ = {
			isa = PBXContainerItemProxy;
			containerPortal = 64D3B06B2F4039A800D06A68 /* Project object */;
			proxyType = 1;
			remoteGlobalIDString = 64D3B0722F4039A800D06A68;
			remoteInfo = ZoneBuddy;
		};
		64D3B08F2F4039AA00D06A68 /* PBXContainerItemProxy */ = {
			isa = PBXContainerItemProxy;
			containerPortal = 64D3B06B2F4039A800D06A68 /* Project object */;
			proxyType = 1;
			remoteGlobalIDString = 64D3B0722F4039A800D06A68;
			remoteInfo = ZoneBuddy;
		};
/* End PBXContainerItemProxy section */

/* Begin PBXCopyFilesBuildPhase section */
		5A5A0000000000000000000E /* Embed Watch Content */ = {
			isa = PBXCopyFilesBuildPhase;
			buildActionMask = 2147483647;
			dstPath = "$(CONTENTS_FOLDER_PATH)/Watch";
			dstSubfolderSpec = 16;
			files = (
				5A5A0000000000000000000F /* ZoneBuddyWatch.app in Embed Watch Content */,
			);
			name = "Embed Watch Content";
			runOnlyForDeploymentPostprocessing = 0;
		};
/* End PBXCopyFilesBuildPhase section */

/* Begin PBXFileReference section */
		5A5A00000000000000000002 /* ZoneBuddyWatch.app */ = {isa = PBXFileReference; explicitFileType = wrapper.application; includeInIndex = 0; path = ZoneBuddyWatch.app; sourceTree = BUILT_PRODUCTS_DIR; };
		640000002F50000000000001 /* HealthKit.framework */ = {isa = PBXFileReference; lastKnownFileType = wrapper.framework; name = HealthKit.framework; path = System/Library/Frameworks/HealthKit.framework; sourceTree = SDKROOT; };
		64D3B0732F4039A800D06A68 /* ZoneBuddy.app */ = {isa = PBXFileReference; explicitFileType = wrapper.application; includeInIndex = 0; path = ZoneBuddy.app; sourceTree = BUILT_PRODUCTS_DIR; };
		64D3B0842F4039AA00D06A68 /* ZoneBuddyTests.xctest */ = {isa = PBXFileReference; explicitFileType = wrapper.cfbundle; includeInIndex = 0; path = ZoneBuddyTests.xctest; sourceTree = BUILT_PRODUCTS_DIR; };
		64D3B08E2F4039AA00D06A68 /* ZoneBuddyUITests.xctest */ = {isa = PBXFileReference; explicitFileType = wrapper.cfbundle; includeInIndex = 0; path = ZoneBuddyUITests.xctest; sourceTree = BUILT_PRODUCTS_DIR; };
		64FFFF010000000000000001 /* Settings.bundle */ = {isa = PBXFileReference; lastKnownFileType = "wrapper.plug-in"; path = Settings.bundle; sourceTree = "<group>"; };
/* End PBXFileReference section */

/* Begin PBXFileSystemSynchronizedBuildFileExceptionSet section */
		5A5A0000000000000000000A /* Exceptions for "ZoneBuddyWatch" folder in "ZoneBuddyWatch" target */ = {
			isa = PBXFileSystemSynchronizedBuildFileExceptionSet;
			membershipExceptions = (
				Info.plist,
			);
			target = 5A5A00000000000000000001 /* ZoneBuddyWatch */;
		};
		5A5A0000000000000000000B /* Exceptions for "ZoneBuddy" folder in "ZoneBuddyWatch" target */ = {
			isa = PBXFileSystemSynchronizedBuildFileExceptionSet;
			membershipExceptions = (
				Assets.xcassets,
				"Extensions/Duration+Formatting.swift",
				Extensions/UnitFormatting.swift,
				Models/BikeDataSample.swift,
				Models/HeartRateZone.swift,
				Models/Interval.swift,
				Models/PowerZone.swift,
				Models/SessionInterval.swift,
				Models/Workout.swift,
				Models/WorkoutMode.swift,
				Models/WorkoutSession.swift,
				Models/WorkoutTransferData.swift,
				"Models/WorkoutTransferData+Fake.swift",
				Services/BLEProtocol.swift,
				Services/ConnectivityMessages.swift,
				Services/DataStore.swift,
				Services/FTPTestProtocol.swift,
				Services/HealthKitProtocols.swift,
				Services/SettingsManager.swift,
				Services/SettingsReading.swift,
				Services/SimulatorFakes.swift,
				Services/SpeechCueProviding.swift,
				Services/TimerProvider.swift,
				Services/WorkoutSampleAggregator.swift,
				Services/WorkoutSessionPersisting.swift,
				ViewModels/WorkoutPlayerViewModel.swift,
				Views/WorkoutProgressionBar.swift,
				"zb-watch-icon.icon",
			);
			target = 5A5A00000000000000000001 /* ZoneBuddyWatch */;
		};
		64D3B0962F4039AA00D06A68 /* Exceptions for "ZoneBuddy" folder in "ZoneBuddy" target */ = {
			isa = PBXFileSystemSynchronizedBuildFileExceptionSet;
			membershipExceptions = (
				Info.plist,
				"zb-watch-icon.icon",
			);
			target = 64D3B0722F4039A800D06A68 /* ZoneBuddy */;
		};
/* End PBXFileSystemSynchronizedBuildFileExceptionSet section */

/* Begin PBXFileSystemSynchronizedRootGroup section */
		5A5A00000000000000000009 /* ZoneBuddyWatch */ = {
			isa = PBXFileSystemSynchronizedRootGroup;
			exceptions = (
				5A5A0000000000000000000A /* Exceptions for "ZoneBuddyWatch" folder in "ZoneBuddyWatch" target */,
			);
			path = ZoneBuddyWatch;
			sourceTree = "<group>";
		};
		64D3B0752F4039A800D06A68 /* ZoneBuddy */ = {
			isa = PBXFileSystemSynchronizedRootGroup;
			exceptions = (
				64D3B0962F4039AA00D06A68 /* Exceptions for "ZoneBuddy" folder in "ZoneBuddy" target */,
				5A5A0000000000000000000B /* Exceptions for "ZoneBuddy" folder in "ZoneBuddyWatch" target */,
			);
			path = ZoneBuddy;
			sourceTree = "<group>";
		};
		64D3B0872F4039AA00D06A68 /* ZoneBuddyTests */ = {
			isa = PBXFileSystemSynchronizedRootGroup;
			path = ZoneBuddyTests;
			sourceTree = "<group>";
		};
		64D3B0912F4039AA00D06A68 /* ZoneBuddyUITests */ = {
			isa = PBXFileSystemSynchronizedRootGroup;
			path = ZoneBuddyUITests;
			sourceTree = "<group>";
		};
/* End PBXFileSystemSynchronizedRootGroup section */

/* Begin PBXFrameworksBuildPhase section */
		5A5A00000000000000000006 /* Frameworks */ = {
			isa = PBXFrameworksBuildPhase;
			buildActionMask = 2147483647;
			files = (
			);
			runOnlyForDeploymentPostprocessing = 0;
		};
		64D3B0702F4039A800D06A68 /* Frameworks */ = {
			isa = PBXFrameworksBuildPhase;
			buildActionMask = 2147483647;
			files = (
				643634F62F60EC1E00C17361 /* FTMSKit in Frameworks */,
				640000012F50000000000001 /* HealthKit.framework in Frameworks */,
			);
			runOnlyForDeploymentPostprocessing = 0;
		};
		64D3B0812F4039AA00D06A68 /* Frameworks */ = {
			isa = PBXFrameworksBuildPhase;
			buildActionMask = 2147483647;
			files = (
				64363B7E00010000000C1736 /* FTMSKit in Frameworks */,
			);
			runOnlyForDeploymentPostprocessing = 0;
		};
		64D3B08B2F4039AA00D06A68 /* Frameworks */ = {
			isa = PBXFrameworksBuildPhase;
			buildActionMask = 2147483647;
			files = (
			);
			runOnlyForDeploymentPostprocessing = 0;
		};
/* End PBXFrameworksBuildPhase section */

/* Begin PBXGroup section */
		647174922F41566300CD86C8 /* Frameworks */ = {
			isa = PBXGroup;
			children = (
				640000002F50000000000001 /* HealthKit.framework */,
			);
			name = Frameworks;
			sourceTree = "<group>";
		};
		64D3B06A2F4039A800D06A68 = {
			isa = PBXGroup;
			children = (
				64D3B0752F4039A800D06A68 /* ZoneBuddy */,
				64FFFF010000000000000001 /* Settings.bundle */,
				64D3B0872F4039AA00D06A68 /* ZoneBuddyTests */,
				64D3B0912F4039AA00D06A68 /* ZoneBuddyUITests */,
				5A5A00000000000000000009 /* ZoneBuddyWatch */,
				647174922F41566300CD86C8 /* Frameworks */,
				64D3B0742F4039A800D06A68 /* Products */,
			);
			sourceTree = "<group>";
		};
		64D3B0742F4039A800D06A68 /* Products */ = {
			isa = PBXGroup;
			children = (
				64D3B0732F4039A800D06A68 /* ZoneBuddy.app */,
				64D3B0842F4039AA00D06A68 /* ZoneBuddyTests.xctest */,
				64D3B08E2F4039AA00D06A68 /* ZoneBuddyUITests.xctest */,
				5A5A00000000000000000002 /* ZoneBuddyWatch.app */,
			);
			name = Products;
			sourceTree = "<group>";
		};
/* End PBXGroup section */

/* Begin PBXNativeTarget section */
		5A5A00000000000000000001 /* ZoneBuddyWatch */ = {
			isa = PBXNativeTarget;
			buildConfigurationList = 5A5A00000000000000000003 /* Build configuration list for PBXNativeTarget "ZoneBuddyWatch" */;
			buildPhases = (
				5A5A00000000000000000007 /* Sources */,
				5A5A00000000000000000006 /* Frameworks */,
				5A5A00000000000000000008 /* Resources */,
			);
			buildRules = (
			);
			dependencies = (
			);
			fileSystemSynchronizedGroups = (
				5A5A00000000000000000009 /* ZoneBuddyWatch */,
			);
			name = ZoneBuddyWatch;
			packageProductDependencies = (
			);
			productName = ZoneBuddyWatch;
			productReference = 5A5A00000000000000000002 /* ZoneBuddyWatch.app */;
			productType = "com.apple.product-type.application";
		};
		64D3B0722F4039A800D06A68 /* ZoneBuddy */ = {
			isa = PBXNativeTarget;
			buildConfigurationList = 64D3B0972F4039AA00D06A68 /* Build configuration list for PBXNativeTarget "ZoneBuddy" */;
			buildPhases = (
				64D3B06F2F4039A800D06A68 /* Sources */,
				64D3B0702F4039A800D06A68 /* Frameworks */,
				64D3B0712F4039A800D06A68 /* Resources */,
				5A5A0000000000000000000E /* Embed Watch Content */,
			);
			buildRules = (
			);
			dependencies = (
				5A5A0000000000000000000D /* PBXTargetDependency */,
			);
			fileSystemSynchronizedGroups = (
				64D3B0752F4039A800D06A68 /* ZoneBuddy */,
			);
			name = ZoneBuddy;
			packageProductDependencies = (
				640000112F50000000000011 /* FTMSKit */,
			);
			productName = ZoneBuddy;
			productReference = 64D3B0732F4039A800D06A68 /* ZoneBuddy.app */;
			productType = "com.apple.product-type.application";
		};
		64D3B0832F4039AA00D06A68 /* ZoneBuddyTests */ = {
			isa = PBXNativeTarget;
			buildConfigurationList = 64D3B09C2F4039AA00D06A68 /* Build configuration list for PBXNativeTarget "ZoneBuddyTests" */;
			buildPhases = (
				64D3B0802F4039AA00D06A68 /* Sources */,
				64D3B0812F4039AA00D06A68 /* Frameworks */,
				64D3B0822F4039AA00D06A68 /* Resources */,
			);
			buildRules = (
			);
			dependencies = (
				64D3B0862F4039AA00D06A68 /* PBXTargetDependency */,
			);
			fileSystemSynchronizedGroups = (
				64D3B0872F4039AA00D06A68 /* ZoneBuddyTests */,
			);
			name = ZoneBuddyTests;
			packageProductDependencies = (
				64363B7F00010000000C1736 /* FTMSKit */,
			);
			productName = ZoneBuddyTests;
			productReference = 64D3B0842F4039AA00D06A68 /* ZoneBuddyTests.xctest */;
			productType = "com.apple.product-type.bundle.unit-test";
		};
		64D3B08D2F4039AA00D06A68 /* ZoneBuddyUITests */ = {
			isa = PBXNativeTarget;
			buildConfigurationList = 64D3B09F2F4039AA00D06A68 /* Build configuration list for PBXNativeTarget "ZoneBuddyUITests" */;
			buildPhases = (
				64D3B08A2F4039AA00D06A68 /* Sources */,
				64D3B08B2F4039AA00D06A68 /* Frameworks */,
				64D3B08C2F4039AA00D06A68 /* Resources */,
			);
			buildRules = (
			);
			dependencies = (
				64D3B0902F4039AA00D06A68 /* PBXTargetDependency */,
			);
			fileSystemSynchronizedGroups = (
				64D3B0912F4039AA00D06A68 /* ZoneBuddyUITests */,
			);
			name = ZoneBuddyUITests;
			packageProductDependencies = (
			);
			productName = ZoneBuddyUITests;
			productReference = 64D3B08E2F4039AA00D06A68 /* ZoneBuddyUITests.xctest */;
			productType = "com.apple.product-type.bundle.ui-testing";
		};
/* End PBXNativeTarget section */

/* Begin PBXProject section */
		64D3B06B2F4039A800D06A68 /* Project object */ = {
			isa = PBXProject;
			attributes = {
				BuildIndependentTargetsInParallel = 1;
				LastSwiftUpdateCheck = 2620;
				LastUpgradeCheck = 2620;
				TargetAttributes = {
					5A5A00000000000000000001 = {
						CreatedOnToolsVersion = 26.2;
					};
					64D3B0722F4039A800D06A68 = {
						CreatedOnToolsVersion = 26.2;
					};
					64D3B0832F4039AA00D06A68 = {
						CreatedOnToolsVersion = 26.2;
						TestTargetID = 64D3B0722F4039A800D06A68;
					};
					64D3B08D2F4039AA00D06A68 = {
						CreatedOnToolsVersion = 26.2;
						TestTargetID = 64D3B0722F4039A800D06A68;
					};
				};
			};
			buildConfigurationList = 64D3B06E2F4039A800D06A68 /* Build configuration list for PBXProject "ZoneBuddy" */;
			developmentRegion = en;
			hasScannedForEncodings = 0;
			knownRegions = (
				en,
				Base,
			);
			mainGroup = 64D3B06A2F4039A800D06A68;
			minimizedProjectReferenceProxies = 1;
			packageReferences = (
				640000102F50000000000010 /* XCLocalSwiftPackageReference "../FTMSKit" */,
			);
			preferredProjectObjectVersion = 77;
			productRefGroup = 64D3B0742F4039A800D06A68 /* Products */;
			projectDirPath = "";
			projectRoot = "";
			targets = (
				64D3B0722F4039A800D06A68 /* ZoneBuddy */,
				64D3B0832F4039AA00D06A68 /* ZoneBuddyTests */,
				64D3B08D2F4039AA00D06A68 /* ZoneBuddyUITests */,
				5A5A00000000000000000001 /* ZoneBuddyWatch */,
			);
		};
/* End PBXProject section */

/* Begin PBXResourcesBuildPhase section */
		5A5A00000000000000000008 /* Resources */ = {
			isa = PBXResourcesBuildPhase;
			buildActionMask = 2147483647;
			files = (
			);
			runOnlyForDeploymentPostprocessing = 0;
		};
		64D3B0712F4039A800D06A68 /* Resources */ = {
			isa = PBXResourcesBuildPhase;
			buildActionMask = 2147483647;
			files = (
				64FFFF020000000000000002 /* Settings.bundle in Resources */,
			);
			runOnlyForDeploymentPostprocessing = 0;
		};
		64D3B0822F4039AA00D06A68 /* Resources */ = {
			isa = PBXResourcesBuildPhase;
			buildActionMask = 2147483647;
			files = (
			);
			runOnlyForDeploymentPostprocessing = 0;
		};
		64D3B08C2F4039AA00D06A68 /* Resources */ = {
			isa = PBXResourcesBuildPhase;
			buildActionMask = 2147483647;
			files = (
			);
			runOnlyForDeploymentPostprocessing = 0;
		};
/* End PBXResourcesBuildPhase section */

/* Begin PBXSourcesBuildPhase section */
		5A5A00000000000000000007 /* Sources */ = {
			isa = PBXSourcesBuildPhase;
			buildActionMask = 2147483647;
			files = (
			);
			runOnlyForDeploymentPostprocessing = 0;
		};
		64D3B06F2F4039A800D06A68 /* Sources */ = {
			isa = PBXSourcesBuildPhase;
			buildActionMask = 2147483647;
			files = (
			);
			runOnlyForDeploymentPostprocessing = 0;
		};
		64D3B0802F4039AA00D06A68 /* Sources */ = {
			isa = PBXSourcesBuildPhase;
			buildActionMask = 2147483647;
			files = (
			);
			runOnlyForDeploymentPostprocessing = 0;
		};
		64D3B08A2F4039AA00D06A68 /* Sources */ = {
			isa = PBXSourcesBuildPhase;
			buildActionMask = 2147483647;
			files = (
			);
			runOnlyForDeploymentPostprocessing = 0;
		};
/* End PBXSourcesBuildPhase section */

/* Begin PBXTargetDependency section */
		5A5A0000000000000000000D /* PBXTargetDependency */ = {
			isa = PBXTargetDependency;
			target = 5A5A00000000000000000001 /* ZoneBuddyWatch */;
			targetProxy = 5A5A0000000000000000000C /* PBXContainerItemProxy */;
		};
		64D3B0862F4039AA00D06A68 /* PBXTargetDependency */ = {
			isa = PBXTargetDependency;
			target = 64D3B0722F4039A800D06A68 /* ZoneBuddy */;
			targetProxy = 64D3B0852F4039AA00D06A68 /* PBXContainerItemProxy */;
		};
		64D3B0902F4039AA00D06A68 /* PBXTargetDependency */ = {
			isa = PBXTargetDependency;
			target = 64D3B0722F4039A800D06A68 /* ZoneBuddy */;
			targetProxy = 64D3B08F2F4039AA00D06A68 /* PBXContainerItemProxy */;
		};
/* End PBXTargetDependency section */

/* Begin XCBuildConfiguration section */
		5A5A00000000000000000004 /* Debug */ = {
			isa = XCBuildConfiguration;
			buildSettings = {
				ASSETCATALOG_COMPILER_APPICON_NAME = "zb-watch-icon";
				ASSETCATALOG_COMPILER_GLOBAL_ACCENT_COLOR_NAME = AccentColor;
				CODE_SIGN_ENTITLEMENTS = ZoneBuddyWatch/ZoneBuddyWatch.debug.entitlements;
				CODE_SIGN_STYLE = Automatic;
				CURRENT_PROJECT_VERSION = 1;
				DEVELOPMENT_TEAM = 5LQ52K2KZM;
				ENABLE_PREVIEWS = YES;
				GENERATE_INFOPLIST_FILE = YES;
				INFOPLIST_FILE = ZoneBuddyWatch/Info.plist;
				INFOPLIST_KEY_CFBundleDisplayName = "Zone Buddy";
				INFOPLIST_KEY_NSHealthShareUsageDescription = "ZoneBuddy reads your heart rate during workouts to display it on screen and relay it to your iPhone.";
				INFOPLIST_KEY_WKCompanionAppBundleIdentifier = dev.jacksn.ZoneBuddy;
				LD_RUNPATH_SEARCH_PATHS = (
					"$(inherited)",
					"@executable_path/Frameworks",
				);
				MARKETING_VERSION = 1.0;
				PRODUCT_BUNDLE_IDENTIFIER = dev.jacksn.ZoneBuddy.watchkitapp;
				PRODUCT_NAME = "$(TARGET_NAME)";
				SDKROOT = watchos;
				SKIP_INSTALL = YES;
				STRING_CATALOG_GENERATE_SYMBOLS = YES;
				SWIFT_APPROACHABLE_CONCURRENCY = YES;
				SWIFT_DEFAULT_ACTOR_ISOLATION = MainActor;
				SWIFT_EMIT_LOC_STRINGS = YES;
				SWIFT_UPCOMING_FEATURE_MEMBER_IMPORT_VISIBILITY = YES;
				SWIFT_VERSION = 5.0;
				TARGETED_DEVICE_FAMILY = 4;
				WATCHOS_DEPLOYMENT_TARGET = 11.0;
			};
			name = Debug;
		};
		5A5A00000000000000000005 /* Release */ = {
			isa = XCBuildConfiguration;
			buildSettings = {
				ASSETCATALOG_COMPILER_APPICON_NAME = "zb-watch-icon";
				ASSETCATALOG_COMPILER_GLOBAL_ACCENT_COLOR_NAME = AccentColor;
				CODE_SIGN_ENTITLEMENTS = ZoneBuddyWatch/ZoneBuddyWatch.release.entitlements;
				CODE_SIGN_STYLE = Automatic;
				CURRENT_PROJECT_VERSION = 1;
				DEVELOPMENT_TEAM = 5LQ52K2KZM;
				ENABLE_PREVIEWS = YES;
				GENERATE_INFOPLIST_FILE = YES;
				INFOPLIST_FILE = ZoneBuddyWatch/Info.plist;
				INFOPLIST_KEY_CFBundleDisplayName = "Zone Buddy";
				INFOPLIST_KEY_NSHealthShareUsageDescription = "ZoneBuddy reads your heart rate during workouts to display it on screen and relay it to your iPhone.";
				INFOPLIST_KEY_WKCompanionAppBundleIdentifier = dev.jacksn.ZoneBuddy;
				LD_RUNPATH_SEARCH_PATHS = (
					"$(inherited)",
					"@executable_path/Frameworks",
				);
				MARKETING_VERSION = 1.0;
				PRODUCT_BUNDLE_IDENTIFIER = dev.jacksn.ZoneBuddy.watchkitapp;
				PRODUCT_NAME = "$(TARGET_NAME)";
				SDKROOT = watchos;
				SKIP_INSTALL = YES;
				STRING_CATALOG_GENERATE_SYMBOLS = YES;
				SWIFT_APPROACHABLE_CONCURRENCY = YES;
				SWIFT_DEFAULT_ACTOR_ISOLATION = MainActor;
				SWIFT_EMIT_LOC_STRINGS = YES;
				SWIFT_UPCOMING_FEATURE_MEMBER_IMPORT_VISIBILITY = YES;
				SWIFT_VERSION = 5.0;
				TARGETED_DEVICE_FAMILY = 4;
				WATCHOS_DEPLOYMENT_TARGET = 11.0;
			};
			name = Release;
		};
		64D3B0982F4039AA00D06A68 /* Debug */ = {
			isa = XCBuildConfiguration;
			baseConfigurationReferenceAnchor = 64D3B0752F4039A800D06A68 /* ZoneBuddy */;
			baseConfigurationReferenceRelativePath = Config/Debug.xcconfig;
			buildSettings = {
				ASSETCATALOG_COMPILER_ALTERNATE_APPICON_NAMES = AppIcon;
				ASSETCATALOG_COMPILER_APPICON_NAME = "zb-new";
				ASSETCATALOG_COMPILER_GLOBAL_ACCENT_COLOR_NAME = AccentColor;
				CODE_SIGN_ENTITLEMENTS = ZoneBuddy/ZoneBuddy.debug.entitlements;
				CODE_SIGN_STYLE = Automatic;
				CURRENT_PROJECT_VERSION = 1;
				DEVELOPMENT_TEAM = 5LQ52K2KZM;
				ENABLE_PREVIEWS = YES;
				GENERATE_INFOPLIST_FILE = YES;
				INFOPLIST_FILE = ZoneBuddy/Info.plist;
				INFOPLIST_KEY_CFBundleDisplayName = "Zone Buddy";
				INFOPLIST_KEY_ITSAppUsesNonExemptEncryption = NO;
				INFOPLIST_KEY_LSApplicationCategoryType = "public.app-category.healthcare-fitness";
				INFOPLIST_KEY_UIApplicationSceneManifest_Generation = YES;
				INFOPLIST_KEY_UIApplicationSupportsIndirectInputEvents = YES;
				INFOPLIST_KEY_UILaunchScreen_Generation = YES;
				INFOPLIST_KEY_UISupportedInterfaceOrientations = "UIInterfaceOrientationLandscapeLeft UIInterfaceOrientationLandscapeRight UIInterfaceOrientationPortrait";
				INFOPLIST_KEY_UISupportedInterfaceOrientations_iPad = "UIInterfaceOrientationLandscapeLeft UIInterfaceOrientationLandscapeRight UIInterfaceOrientationPortrait UIInterfaceOrientationPortraitUpsideDown";
				LD_RUNPATH_SEARCH_PATHS = (
					"$(inherited)",
					"@executable_path/Frameworks",
				);
				MARKETING_VERSION = 1.0;
				PRODUCT_BUNDLE_IDENTIFIER = dev.jacksn.ZoneBuddy;
				PRODUCT_NAME = "$(TARGET_NAME)";
				STRING_CATALOG_GENERATE_SYMBOLS = YES;
				SWIFT_APPROACHABLE_CONCURRENCY = YES;
				SWIFT_DEFAULT_ACTOR_ISOLATION = MainActor;
				SWIFT_EMIT_LOC_STRINGS = YES;
				SWIFT_UPCOMING_FEATURE_MEMBER_IMPORT_VISIBILITY = YES;
				SWIFT_VERSION = 5.0;
				TARGETED_DEVICE_FAMILY = "1,2";
			};
			name = Debug;
		};
		64D3B0992F4039AA00D06A68 /* Release */ = {
			isa = XCBuildConfiguration;
			baseConfigurationReferenceAnchor = 64D3B0752F4039A800D06A68 /* ZoneBuddy */;
			baseConfigurationReferenceRelativePath = Config/Release.xcconfig;
			buildSettings = {
				ASSETCATALOG_COMPILER_ALTERNATE_APPICON_NAMES = AppIcon;
				ASSETCATALOG_COMPILER_APPICON_NAME = "zb-new";
				ASSETCATALOG_COMPILER_GLOBAL_ACCENT_COLOR_NAME = AccentColor;
				CODE_SIGN_ENTITLEMENTS = ZoneBuddy/ZoneBuddy.release.entitlements;
				CODE_SIGN_STYLE = Automatic;
				CURRENT_PROJECT_VERSION = 1;
				DEVELOPMENT_TEAM = 5LQ52K2KZM;
				ENABLE_PREVIEWS = YES;
				GENERATE_INFOPLIST_FILE = YES;
				INFOPLIST_FILE = ZoneBuddy/Info.plist;
				INFOPLIST_KEY_CFBundleDisplayName = "Zone Buddy";
				INFOPLIST_KEY_ITSAppUsesNonExemptEncryption = NO;
				INFOPLIST_KEY_LSApplicationCategoryType = "public.app-category.healthcare-fitness";
				INFOPLIST_KEY_UIApplicationSceneManifest_Generation = YES;
				INFOPLIST_KEY_UIApplicationSupportsIndirectInputEvents = YES;
				INFOPLIST_KEY_UILaunchScreen_Generation = YES;
				INFOPLIST_KEY_UISupportedInterfaceOrientations = "UIInterfaceOrientationLandscapeLeft UIInterfaceOrientationLandscapeRight UIInterfaceOrientationPortrait";
				INFOPLIST_KEY_UISupportedInterfaceOrientations_iPad = "UIInterfaceOrientationLandscapeLeft UIInterfaceOrientationLandscapeRight UIInterfaceOrientationPortrait UIInterfaceOrientationPortraitUpsideDown";
				LD_RUNPATH_SEARCH_PATHS = (
					"$(inherited)",
					"@executable_path/Frameworks",
				);
				MARKETING_VERSION = 1.0;
				PRODUCT_BUNDLE_IDENTIFIER = dev.jacksn.ZoneBuddy;
				PRODUCT_NAME = "$(TARGET_NAME)";
				STRING_CATALOG_GENERATE_SYMBOLS = YES;
				SWIFT_APPROACHABLE_CONCURRENCY = YES;
				SWIFT_DEFAULT_ACTOR_ISOLATION = MainActor;
				SWIFT_EMIT_LOC_STRINGS = YES;
				SWIFT_UPCOMING_FEATURE_MEMBER_IMPORT_VISIBILITY = YES;
				SWIFT_VERSION = 5.0;
				TARGETED_DEVICE_FAMILY = "1,2";
			};
			name = Release;
		};
		64D3B09A2F4039AA00D06A68 /* Debug */ = {
			isa = XCBuildConfiguration;
			buildSettings = {
				ALWAYS_SEARCH_USER_PATHS = NO;
				ASSETCATALOG_COMPILER_GENERATE_SWIFT_ASSET_SYMBOL_EXTENSIONS = YES;
				CLANG_ANALYZER_NONNULL = YES;
				CLANG_ANALYZER_NUMBER_OBJECT_CONVERSION = YES_AGGRESSIVE;
				CLANG_CXX_LANGUAGE_STANDARD = "gnu++20";
				CLANG_ENABLE_MODULES = YES;
				CLANG_ENABLE_OBJC_ARC = YES;
				CLANG_ENABLE_OBJC_WEAK = YES;
				CLANG_WARN_BLOCK_CAPTURE_AUTORELEASING = YES;
				CLANG_WARN_BOOL_CONVERSION = YES;
				CLANG_WARN_COMMA = YES;
				CLANG_WARN_CONSTANT_CONVERSION = YES;
				CLANG_WARN_DEPRECATED_OBJC_IMPLEMENTATIONS = YES;
				CLANG_WARN_DIRECT_OBJC_ISA_USAGE = YES_ERROR;
				CLANG_WARN_DOCUMENTATION_COMMENTS = YES;
				CLANG_WARN_EMPTY_BODY = YES;
				CLANG_WARN_ENUM_CONVERSION = YES;
				CLANG_WARN_INFINITE_RECURSION = YES;
				CLANG_WARN_INT_CONVERSION = YES;
				CLANG_WARN_NON_LITERAL_NULL_CONVERSION = YES;
				CLANG_WARN_OBJC_IMPLICIT_RETAIN_SELF = YES;
				CLANG_WARN_OBJC_LITERAL_CONVERSION = YES;
				CLANG_WARN_OBJC_ROOT_CLASS = YES_ERROR;
				CLANG_WARN_QUOTED_INCLUDE_IN_FRAMEWORK_HEADER = YES;
				CLANG_WARN_RANGE_LOOP_ANALYSIS = YES;
				CLANG_WARN_STRICT_PROTOTYPES = YES;
				CLANG_WARN_SUSPICIOUS_MOVE = YES;
				CLANG_WARN_UNGUARDED_AVAILABILITY = YES_AGGRESSIVE;
				CLANG_WARN_UNREACHABLE_CODE = YES;
				CLANG_WARN__DUPLICATE_METHOD_MATCH = YES;
				COPY_PHASE_STRIP = NO;
				DEBUG_INFORMATION_FORMAT = dwarf;
				DEVELOPMENT_TEAM = 5LQ52K2KZM;
				ENABLE_STRICT_OBJC_MSGSEND = YES;
				ENABLE_TESTABILITY = YES;
				ENABLE_USER_SCRIPT_SANDBOXING = YES;
				GCC_C_LANGUAGE_STANDARD = gnu17;
				GCC_DYNAMIC_NO_PIC = NO;
				GCC_NO_COMMON_BLOCKS = YES;
				GCC_OPTIMIZATION_LEVEL = 0;
				GCC_PREPROCESSOR_DEFINITIONS = (
					"DEBUG=1",
					"$(inherited)",
				);
				GCC_WARN_64_TO_32_BIT_CONVERSION = YES;
				GCC_WARN_ABOUT_RETURN_TYPE = YES_ERROR;
				GCC_WARN_UNDECLARED_SELECTOR = YES;
				GCC_WARN_UNINITIALIZED_AUTOS = YES_AGGRESSIVE;
				GCC_WARN_UNUSED_FUNCTION = YES;
				GCC_WARN_UNUSED_VARIABLE = YES;
				IPHONEOS_DEPLOYMENT_TARGET = 26.2;
				LOCALIZATION_PREFERS_STRING_CATALOGS = YES;
				MTL_ENABLE_DEBUG_INFO = INCLUDE_SOURCE;
				MTL_FAST_MATH = YES;
				ONLY_ACTIVE_ARCH = YES;
				SDKROOT = iphoneos;
				SWIFT_ACTIVE_COMPILATION_CONDITIONS = "DEBUG $(inherited)";
				SWIFT_OPTIMIZATION_LEVEL = "-Onone";
			};
			name = Debug;
		};
		64D3B09B2F4039AA00D06A68 /* Release */ = {
			isa = XCBuildConfiguration;
			buildSettings = {
				ALWAYS_SEARCH_USER_PATHS = NO;
				ASSETCATALOG_COMPILER_GENERATE_SWIFT_ASSET_SYMBOL_EXTENSIONS = YES;
				CLANG_ANALYZER_NONNULL = YES;
				CLANG_ANALYZER_NUMBER_OBJECT_CONVERSION = YES_AGGRESSIVE;
				CLANG_CXX_LANGUAGE_STANDARD = "gnu++20";
				CLANG_ENABLE_MODULES = YES;
				CLANG_ENABLE_OBJC_ARC = YES;
				CLANG_ENABLE_OBJC_WEAK = YES;
				CLANG_WARN_BLOCK_CAPTURE_AUTORELEASING = YES;
				CLANG_WARN_BOOL_CONVERSION = YES;
				CLANG_WARN_COMMA = YES;
				CLANG_WARN_CONSTANT_CONVERSION = YES;
				CLANG_WARN_DEPRECATED_OBJC_IMPLEMENTATIONS = YES;
				CLANG_WARN_DIRECT_OBJC_ISA_USAGE = YES_ERROR;
				CLANG_WARN_DOCUMENTATION_COMMENTS = YES;
				CLANG_WARN_EMPTY_BODY = YES;
				CLANG_WARN_ENUM_CONVERSION = YES;
				CLANG_WARN_INFINITE_RECURSION = YES;
				CLANG_WARN_INT_CONVERSION = YES;
				CLANG_WARN_NON_LITERAL_NULL_CONVERSION = YES;
				CLANG_WARN_OBJC_IMPLICIT_RETAIN_SELF = YES;
				CLANG_WARN_OBJC_LITERAL_CONVERSION = YES;
				CLANG_WARN_OBJC_ROOT_CLASS = YES_ERROR;
				CLANG_WARN_QUOTED_INCLUDE_IN_FRAMEWORK_HEADER = YES;
				CLANG_WARN_RANGE_LOOP_ANALYSIS = YES;
				CLANG_WARN_STRICT_PROTOTYPES = YES;
				CLANG_WARN_SUSPICIOUS_MOVE = YES;
				CLANG_WARN_UNGUARDED_AVAILABILITY = YES_AGGRESSIVE;
				CLANG_WARN_UNREACHABLE_CODE = YES;
				CLANG_WARN__DUPLICATE_METHOD_MATCH = YES;
				COPY_PHASE_STRIP = NO;
				DEBUG_INFORMATION_FORMAT = "dwarf-with-dsym";
				DEVELOPMENT_TEAM = 5LQ52K2KZM;
				ENABLE_NS_ASSERTIONS = NO;
				ENABLE_STRICT_OBJC_MSGSEND = YES;
				ENABLE_USER_SCRIPT_SANDBOXING = YES;
				GCC_C_LANGUAGE_STANDARD = gnu17;
				GCC_NO_COMMON_BLOCKS = YES;
				GCC_WARN_64_TO_32_BIT_CONVERSION = YES;
				GCC_WARN_ABOUT_RETURN_TYPE = YES_ERROR;
				GCC_WARN_UNDECLARED_SELECTOR = YES;
				GCC_WARN_UNINITIALIZED_AUTOS = YES_AGGRESSIVE;
				GCC_WARN_UNUSED_FUNCTION = YES;
				GCC_WARN_UNUSED_VARIABLE = YES;
				IPHONEOS_DEPLOYMENT_TARGET = 26.2;
				LOCALIZATION_PREFERS_STRING_CATALOGS = YES;
				MTL_ENABLE_DEBUG_INFO = NO;
				MTL_FAST_MATH = YES;
				SDKROOT = iphoneos;
				SWIFT_COMPILATION_MODE = wholemodule;
				VALIDATE_PRODUCT = YES;
			};
			name = Release;
		};
		64D3B09D2F4039AA00D06A68 /* Debug */ = {
			isa = XCBuildConfiguration;
			buildSettings = {
				BUNDLE_LOADER = "$(TEST_HOST)";
				CODE_SIGN_STYLE = Automatic;
				CURRENT_PROJECT_VERSION = 1;
				DEVELOPMENT_TEAM = 5LQ52K2KZM;
				GENERATE_INFOPLIST_FILE = YES;
				IPHONEOS_DEPLOYMENT_TARGET = 26.2;
				MARKETING_VERSION = 1.0;
				PRODUCT_BUNDLE_IDENTIFIER = dev.jacksn.ZoneBuddyTests;
				PRODUCT_NAME = "$(TARGET_NAME)";
				STRING_CATALOG_GENERATE_SYMBOLS = NO;
				SWIFT_APPROACHABLE_CONCURRENCY = YES;
				SWIFT_EMIT_LOC_STRINGS = NO;
				SWIFT_UPCOMING_FEATURE_MEMBER_IMPORT_VISIBILITY = YES;
				SWIFT_VERSION = 5.0;
				TARGETED_DEVICE_FAMILY = "1,2";
				TEST_HOST = "$(BUILT_PRODUCTS_DIR)/ZoneBuddy.app/$(BUNDLE_EXECUTABLE_FOLDER_PATH)/ZoneBuddy";
			};
			name = Debug;
		};
		64D3B09E2F4039AA00D06A68 /* Release */ = {
			isa = XCBuildConfiguration;
			buildSettings = {
				BUNDLE_LOADER = "$(TEST_HOST)";
				CODE_SIGN_STYLE = Automatic;
				CURRENT_PROJECT_VERSION = 1;
				DEVELOPMENT_TEAM = 5LQ52K2KZM;
				GENERATE_INFOPLIST_FILE = YES;
				IPHONEOS_DEPLOYMENT_TARGET = 26.2;
				MARKETING_VERSION = 1.0;
				PRODUCT_BUNDLE_IDENTIFIER = dev.jacksn.ZoneBuddyTests;
				PRODUCT_NAME = "$(TARGET_NAME)";
				STRING_CATALOG_GENERATE_SYMBOLS = NO;
				SWIFT_APPROACHABLE_CONCURRENCY = YES;
				SWIFT_EMIT_LOC_STRINGS = NO;
				SWIFT_UPCOMING_FEATURE_MEMBER_IMPORT_VISIBILITY = YES;
				SWIFT_VERSION = 5.0;
				TARGETED_DEVICE_FAMILY = "1,2";
				TEST_HOST = "$(BUILT_PRODUCTS_DIR)/ZoneBuddy.app/$(BUNDLE_EXECUTABLE_FOLDER_PATH)/ZoneBuddy";
			};
			name = Release;
		};
		64D3B0A02F4039AA00D06A68 /* Debug */ = {
			isa = XCBuildConfiguration;
			buildSettings = {
				CODE_SIGN_STYLE = Automatic;
				CURRENT_PROJECT_VERSION = 1;
				DEVELOPMENT_TEAM = 5LQ52K2KZM;
				GENERATE_INFOPLIST_FILE = YES;
				MARKETING_VERSION = 1.0;
				PRODUCT_BUNDLE_IDENTIFIER = dev.jacksn.ZoneBuddyUITests;
				PRODUCT_NAME = "$(TARGET_NAME)";
				STRING_CATALOG_GENERATE_SYMBOLS = NO;
				SWIFT_APPROACHABLE_CONCURRENCY = YES;
				SWIFT_EMIT_LOC_STRINGS = NO;
				SWIFT_UPCOMING_FEATURE_MEMBER_IMPORT_VISIBILITY = YES;
				SWIFT_VERSION = 5.0;
				TARGETED_DEVICE_FAMILY = "1,2";
				TEST_TARGET_NAME = ZoneBuddy;
			};
			name = Debug;
		};
		64D3B0A12F4039AA00D06A68 /* Release */ = {
			isa = XCBuildConfiguration;
			buildSettings = {
				CODE_SIGN_STYLE = Automatic;
				CURRENT_PROJECT_VERSION = 1;
				DEVELOPMENT_TEAM = 5LQ52K2KZM;
				GENERATE_INFOPLIST_FILE = YES;
				MARKETING_VERSION = 1.0;
				PRODUCT_BUNDLE_IDENTIFIER = dev.jacksn.ZoneBuddyUITests;
				PRODUCT_NAME = "$(TARGET_NAME)";
				STRING_CATALOG_GENERATE_SYMBOLS = NO;
				SWIFT_APPROACHABLE_CONCURRENCY = YES;
				SWIFT_EMIT_LOC_STRINGS = NO;
				SWIFT_UPCOMING_FEATURE_MEMBER_IMPORT_VISIBILITY = YES;
				SWIFT_VERSION = 5.0;
				TARGETED_DEVICE_FAMILY = "1,2";
				TEST_TARGET_NAME = ZoneBuddy;
			};
			name = Release;
		};
/* End XCBuildConfiguration section */

/* Begin XCConfigurationList section */
		5A5A00000000000000000003 /* Build configuration list for PBXNativeTarget "ZoneBuddyWatch" */ = {
			isa = XCConfigurationList;
			buildConfigurations = (
				5A5A00000000000000000004 /* Debug */,
				5A5A00000000000000000005 /* Release */,
			);
			defaultConfigurationIsVisible = 0;
			defaultConfigurationName = Release;
		};
		64D3B06E2F4039A800D06A68 /* Build configuration list for PBXProject "ZoneBuddy" */ = {
			isa = XCConfigurationList;
			buildConfigurations = (
				64D3B09A2F4039AA00D06A68 /* Debug */,
				64D3B09B2F4039AA00D06A68 /* Release */,
			);
			defaultConfigurationIsVisible = 0;
			defaultConfigurationName = Release;
		};
		64D3B0972F4039AA00D06A68 /* Build configuration list for PBXNativeTarget "ZoneBuddy" */ = {
			isa = XCConfigurationList;
			buildConfigurations = (
				64D3B0982F4039AA00D06A68 /* Debug */,
				64D3B0992F4039AA00D06A68 /* Release */,
			);
			defaultConfigurationIsVisible = 0;
			defaultConfigurationName = Release;
		};
		64D3B09C2F4039AA00D06A68 /* Build configuration list for PBXNativeTarget "ZoneBuddyTests" */ = {
			isa = XCConfigurationList;
			buildConfigurations = (
				64D3B09D2F4039AA00D06A68 /* Debug */,
				64D3B09E2F4039AA00D06A68 /* Release */,
			);
			defaultConfigurationIsVisible = 0;
			defaultConfigurationName = Release;
		};
		64D3B09F2F4039AA00D06A68 /* Build configuration list for PBXNativeTarget "ZoneBuddyUITests" */ = {
			isa = XCConfigurationList;
			buildConfigurations = (
				64D3B0A02F4039AA00D06A68 /* Debug */,
				64D3B0A12F4039AA00D06A68 /* Release */,
			);
			defaultConfigurationIsVisible = 0;
			defaultConfigurationName = Release;
		};
/* End XCConfigurationList section */

/* Begin XCLocalSwiftPackageReference section */
		640000102F50000000000010 /* XCLocalSwiftPackageReference "../FTMSKit" */ = {
			isa = XCLocalSwiftPackageReference;
			relativePath = ../FTMSKit;
		};
/* End XCLocalSwiftPackageReference section */

/* Begin XCSwiftPackageProductDependency section */
		640000112F50000000000011 /* FTMSKit */ = {
			isa = XCSwiftPackageProductDependency;
			package = 640000102F50000000000010 /* XCLocalSwiftPackageReference "../FTMSKit" */;
			productName = FTMSKit;
		};
		64363B7F00010000000C1736 /* FTMSKit */ = {
			isa = XCSwiftPackageProductDependency;
			package = 640000102F50000000000010 /* XCLocalSwiftPackageReference "../FTMSKit" */;
			productName = FTMSKit;
		};
/* End XCSwiftPackageProductDependency section */
	};
	rootObject = 64D3B06B2F4039A800D06A68 /* Project object */;
}
